
Microsoft Visual Studio Solution File, Format Version 12.00
# Visual Studio Version 17
VisualStudioVersion = 17.14.36429.23 d17.14
MinimumVisualStudioVersion = 10.0.40219.1
Project("{FAE04EC0-301F-11D3-BF4B-00C04F79EFBC}") = "PartnerAccounting.Core.Ivanov", "PartnerAccounting.Core.Ivanov\PartnerAccounting.Core.Ivanov.csproj", "{7FE85039-E9FE-4CEC-81FE-115090A15917}"
EndProject
Project("{FAE04EC0-301F-11D3-BF4B-00C04F79EFBC}") = "PartnerAccounting.WPF.Ivanov", "PartnerAccounting.WPF.Ivanov\PartnerAccounting.WPF.Ivanov.csproj", "{C6037774-5749-4862-A5F9-5D31EE666ED7}"
EndProject
Global
	GlobalSection(SolutionConfigurationPlatforms) = preSolution
		Debug|Any CPU = Debug|Any CPU
		Release|Any CPU = Release|Any CPU
	EndGlobalSection
	GlobalSection(ProjectConfigurationPlatforms) = postSolution
		{7FE85039-E9FE-4CEC-81FE-115090A15917}.Debug|Any CPU.ActiveCfg = Debug|Any CPU
		{7FE85039-E9FE-4CEC-81FE-115090A15917}.Debug|Any CPU.Build.0 = Debug|Any CPU
		{7FE85039-E9FE-4CEC-81FE-115090A15917}.Release|Any CPU.ActiveCfg = Release|Any CPU
		{7FE85039-E9FE-4CEC-81FE-115090A15917}.Release|Any CPU.Build.0 = Release|Any CPU
		{C6037774-5749-4862-A5F9-5D31EE666ED7}.Debug|Any CPU.ActiveCfg = Debug|Any CPU
		{C6037774-5749-4862-A5F9-5D31EE666ED7}.Debug|Any CPU.Build.0 = Debug|Any CPU
		{C6037774-5749-4862-A5F9-5D31EE666ED7}.Release|Any CPU.ActiveCfg = Release|Any CPU
		{C6037774-5749-4862-A5F9-5D31EE666ED7}.Release|Any CPU.Build.0 = Release|Any CPU
	EndGlobalSection
	GlobalSection(SolutionProperties) = preSolution
		HideSolutionNode = FALSE
	EndGlobalSection
	GlobalSection(ExtensibilityGlobals) = postSolution
		SolutionGuid = {4A4AF93D-C80C-4EE9-8E83-4D5127959492}
	EndGlobalSection
EndGlobal
